
Microsoft Visual Studio Solution File, Format Version 12.00
# Visual Studio Version 16
VisualStudioVersion = 25.0.1703.2
MinimumVisualStudioVersion = 10.0.40219.1
Project("{FAE04EC0-301F-11D3-BF4B-00C04F79EFBC}") = "OpenWeatherAPI", "OpenWeatherAPI\OpenWeatherAPI.csproj", "{5A34683E-5A33-4775-A12B-3A59D07FDBDB}"
EndProject
Global
	GlobalSection(SolutionConfigurationPlatforms) = preSolution
		Debug|Any CPU = Debug|Any CPU
		Release|Any CPU = Release|Any CPU
	EndGlobalSection
	GlobalSection(ProjectConfigurationPlatforms) = postSolution
		{5A34683E-5A33-4775-A12B-3A59D07FDBDB}.Debug|Any CPU.ActiveCfg = Debug|Any CPU
		{5A34683E-5A33-4775-A12B-3A59D07FDBDB}.Debug|Any CPU.Build.0 = Debug|Any CPU
		{5A34683E-5A33-4775-A12B-3A59D07FDBDB}.Release|Any CPU.ActiveCfg = Release|Any CPU
		{5A34683E-5A33-4775-A12B-3A59D07FDBDB}.Release|Any CPU.Build.0 = Release|Any CPU
	EndGlobalSection
	GlobalSection(SolutionProperties) = preSolution
		HideSolutionNode = FALSE
	EndGlobalSection
	GlobalSection(ExtensibilityGlobals) = postSolution
		SolutionGuid = {7ADF6F9A-C054-4F58-836C-76024803C201}
	EndGlobalSection
EndGlobal
